// !$*UTF8*$!
{
	archiveVersion = 1;
	classes = {
	};
	objectVersion = 56;
	objects = {

/* Begin PBXBuildFile section */
		99705A882909D1E30034808E /* AppDelegate.swift in Sources */ = {isa = PBXBuildFile; fileRef = 99705A872909D1E30034808E /* AppDelegate.swift */; };
		99705A8A2909D1E30034808E /* SceneDelegate.swift in Sources */ = {isa = PBXBuildFile; fileRef = 99705A892909D1E30034808E /* SceneDelegate.swift */; };
		99705A8C2909D1E30034808E /* ViewController.swift in Sources */ = {isa = PBXBuildFile; fileRef = 99705A8B2909D1E30034808E /* ViewController.swift */; };
		99705A8F2909D1E30034808E /* Main.storyboard in Resources */ = {isa = PBXBuildFile; fileRef = 99705A8D2909D1E30034808E /* Main.storyboard */; };
		99705A912909D1E50034808E /* Assets.xcassets in Resources */ = {isa = PBXBuildFile; fileRef = 99705A902909D1E50034808E /* Assets.xcassets */; };
		99705A942909D1E50034808E /* LaunchScreen.storyboard in Resources */ = {isa = PBXBuildFile; fileRef = 99705A922909D1E50034808E /* LaunchScreen.storyboard */; };
		99705A9F2909D1E50034808E /* Ex1Tests.swift in Sources */ = {isa = PBXBuildFile; fileRef = 99705A9E2909D1E50034808E /* Ex1Tests.swift */; };
		99705AA92909D1E50034808E /* Ex1UITests.swift in Sources */ = {isa = PBXBuildFile; fileRef = 99705AA82909D1E50034808E /* Ex1UITests.swift */; };
		99705AAB2909D1E50034808E /* Ex1UITestsLaunchTests.swift in Sources */ = {isa = PBXBuildFile; fileRef = 99705AAA2909D1E50034808E /* Ex1UITestsLaunchTests.swift */; };
/* End PBXBuildFile section */

/* Begin PBXContainerItemProxy section */
		99705A9B2909D1E50034808E /* PBXContainerItemProxy */ = {
			isa = PBXContainerItemProxy;
			containerPortal = 99705A7C2909D1E30034808E /* Project object */;
			proxyType = 1;
			remoteGlobalIDString = 99705A832909D1E30034808E;
			remoteInfo = Ex1;
		};
		99705AA52909D1E50034808E /* PBXContainerItemProxy */ = {
			isa = PBXContainerItemProxy;
			containerPortal = 99705A7C2909D1E30034808E /* Project object */;
			proxyType = 1;
			remoteGlobalIDString = 99705A832909D1E30034808E;
			remoteInfo = Ex1;
		};
/* End PBXContainerItemProxy section */

/* Begin PBXFileReference section */
		99705A842909D1E30034808E /* Ex1.app */ = {isa = PBXFileReference; explicitFileType = wrapper.application; includeInIndex = 0; path = Ex1.app; sourceTree = BUILT_PRODUCTS_DIR; };
		99705A872909D1E30034808E /* AppDelegate.swift */ = {isa = PBXFileReference; lastKnownFileType = sourcecode.swift; path = AppDelegate.swift; sourceTree = "<group>"; };
		99705A892909D1E30034808E /* SceneDelegate.swift */ = {isa = PBXFileReference; lastKnownFileType = sourcecode.swift; path = SceneDelegate.swift; sourceTree = "<group>"; };
		99705A8B2909D1E30034808E /* ViewController.swift */ = {isa = PBXFileReference; lastKnownFileType = sourcecode.swift; path = ViewController.swift; sourceTree = "<group>"; };
		99705A8E2909D1E30034808E /* Base */ = {isa = PBXFileReference; lastKnownFileType = file.storyboard; name = Base; path = Base.lproj/Main.storyboard; sourceTree = "<group>"; };
		99705A902909D1E50034808E /* Assets.xcassets */ = {isa = PBXFileReference; lastKnownFileType = folder.assetcatalog; path = Assets.xcassets; sourceTree = "<group>"; };
		99705A932909D1E50034808E /* Base */ = {isa = PBXFileReference; lastKnownFileType = file.storyboard; name = Base; path = Base.lproj/LaunchScreen.storyboard; sourceTree = "<group>"; };
		99705A952909D1E50034808E /* Info.plist */ = {isa = PBXFileReference; lastKnownFileType = text.plist.xml; path = Info.plist; sourceTree = "<group>"; };
		99705A9A2909D1E50034808E /* Ex1Tests.xctest */ = {isa = PBXFileReference; explicitFileType = wrapper.cfbundle; includeInIndex = 0; path = Ex1Tests.xctest; sourceTree = BUILT_PRODUCTS_DIR; };
		99705A9E2909D1E50034808E /* Ex1Tests.swift */ = {isa = PBXFileReference; lastKnownFileType = sourcecode.swift; path = Ex1Tests.swift; sourceTree = "<group>"; };
		99705AA42909D1E50034808E /* Ex1UITests.xctest */ = {isa = PBXFileReference; explicitFileType = wrapper.cfbundle; includeInIndex = 0; path = Ex1UITests.xctest; sourceTree = BUILT_PRODUCTS_DIR; };
		99705AA82909D1E50034808E /* Ex1UITests.swift */ = {isa = PBXFileReference; lastKnownFileType = sourcecode.swift; path = Ex1UITests.swift; sourceTree = "<group>"; };
		99705AAA2909D1E50034808E /* Ex1UITestsLaunchTests.swift */ = {isa = PBXFileReference; lastKnownFileType = sourcecode.swift; path = Ex1UITestsLaunchTests.swift; sourceTree = "<group>"; };
/* End PBXFileReference section */

/* Begin PBXFrameworksBuildPhase section */
		99705A812909D1E30034808E /* Frameworks */ = {
			isa = PBXFrameworksBuildPhase;
			buildActionMask = 2147483647;
			files = (
			);
			runOnlyForDeploymentPostprocessing = 0;
		};
		99705A972909D1E50034808E /* Frameworks */ = {
			isa = PBXFrameworksBuildPhase;
			buildActionMask = 2147483647;
			files = (
			);
			runOnlyForDeploymentPostprocessing = 0;
		};
		99705AA12909D1E50034808E /* Frameworks */ = {
			isa = PBXFrameworksBuildPhase;
			buildActionMask = 2147483647;
			files = (
			);
			runOnlyForDeploymentPostprocessing = 0;
		};
/* End PBXFrameworksBuildPhase section */

/* Begin PBXGroup section */
		99705A7B2909D1E30034808E = {
			isa = PBXGroup;
			children = (
				99705A862909D1E30034808E /* Ex1 */,
				99705A9D2909D1E50034808E /* Ex1Tests */,
				99705AA72909D1E50034808E /* Ex1UITests */,
				99705A852909D1E30034808E /* Products */,
			);
			sourceTree = "<group>";
		};
		99705A852909D1E30034808E /* Products */ = {
			isa = PBXGroup;
			children = (
				99705A842909D1E30034808E /* Ex1.app */,
				99705A9A2909D1E50034808E /* Ex1Tests.xctest */,
				99705AA42909D1E50034808E /* Ex1UITests.xctest */,
			);
			name = Products;
			sourceTree = "<group>";
		};
		99705A862909D1E30034808E /* Ex1 */ = {
			isa = PBXGroup;
			children = (
				99705A872909D1E30034808E /* AppDelegate.swift */,
				99705A892909D1E30034808E /* SceneDelegate.swift */,
				99705A8B2909D1E30034808E /* ViewController.swift */,
				99705A8D2909D1E30034808E /* Main.storyboard */,
				99705A902909D1E50034808E /* Assets.xcassets */,
				99705A922909D1E50034808E /* LaunchScreen.storyboard */,
				99705A952909D1E50034808E /* Info.plist */,
			);
			path = Ex1;
			sourceTree = "<group>";
		};
		99705A9D2909D1E50034808E /* Ex1Tests */ = {
			isa = PBXGroup;
			children = (
				99705A9E2909D1E50034808E /* Ex1Tests.swift */,
			);
			path = Ex1Tests;
			sourceTree = "<group>";
		};
		99705AA72909D1E50034808E /* Ex1UITests */ = {
			isa = PBXGroup;
			children = (
				99705AA82909D1E50034808E /* Ex1UITests.swift */,
				99705AAA2909D1E50034808E /* Ex1UITestsLaunchTests.swift */,
			);
			path = Ex1UITests;
			sourceTree = "<group>";
		};
/* End PBXGroup section */

/* Begin PBXNativeTarget section */
		99705A832909D1E30034808E /* Ex1 */ = {
			isa = PBXNativeTarget;
			buildConfigurationList = 99705AAE2909D1E50034808E /* Build configuration list for PBXNativeTarget "Ex1" */;
			buildPhases = (
				99705A802909D1E30034808E /* Sources */,
				99705A812909D1E30034808E /* Frameworks */,
				99705A822909D1E30034808E /* Resources */,
			);
			buildRules = (
			);
			dependencies = (
			);
			name = Ex1;
			productName = Ex1;
			productReference = 99705A842909D1E30034808E /* Ex1.app */;
			productType = "com.apple.product-type.application";
		};
		99705A992909D1E50034808E /* Ex1Tests */ = {
			isa = PBXNativeTarget;
			buildConfigurationList = 99705AB12909D1E50034808E /* Build configuration list for PBXNativeTarget "Ex1Tests" */;
			buildPhases = (
				99705A962909D1E50034808E /* Sources */,
				99705A972909D1E50034808E /* Frameworks */,
				99705A982909D1E50034808E /* Resources */,
			);
			buildRules = (
			);
			dependencies = (
				99705A9C2909D1E50034808E /* PBXTargetDependency */,
			);
			name = Ex1Tests;
			productName = Ex1Tests;
			productReference = 99705A9A2909D1E50034808E /* Ex1Tests.xctest */;
			productType = "com.apple.product-type.bundle.unit-test";
		};
		99705AA32909D1E50034808E /* Ex1UITests */ = {
			isa = PBXNativeTarget;
			buildConfigurationList = 99705AB42909D1E50034808E /* Build configuration list for PBXNativeTarget "Ex1UITests" */;
			buildPhases = (
				99705AA02909D1E50034808E /* Sources */,
				99705AA12909D1E50034808E /* Frameworks */,
				99705AA22909D1E50034808E /* Resources */,
			);
			buildRules = (
			);
			dependencies = (
				99705AA62909D1E50034808E /* PBXTargetDependency */,
			);
			name = Ex1UITests;
			productName = Ex1UITests;
			productReference = 99705AA42909D1E50034808E /* Ex1UITests.xctest */;
			productType = "com.apple.product-type.bundle.ui-testing";
		};
/* End PBXNativeTarget section */

/* Begin PBXProject section */
		99705A7C2909D1E30034808E /* Project object */ = {
			isa = PBXProject;
			attributes = {
				BuildIndependentTargetsInParallel = 1;
				LastSwiftUpdateCheck = 1400;
				LastUpgradeCheck = 1400;
				TargetAttributes = {
					99705A832909D1E30034808E = {
						CreatedOnToolsVersion = 14.0.1;
					};
					99705A992909D1E50034808E = {
						CreatedOnToolsVersion = 14.0.1;
						TestTargetID = 99705A832909D1E30034808E;
					};
					99705AA32909D1E50034808E = {
						CreatedOnToolsVersion = 14.0.1;
						TestTargetID = 99705A832909D1E30034808E;
					};
				};
			};
			buildConfigurationList = 99705A7F2909D1E30034808E /* Build configuration list for PBXProject "Ex1" */;
			compatibilityVersion = "Xcode 14.0";
			developmentRegion = en;
			hasScannedForEncodings = 0;
			knownRegions = (
				en,
				Base,
			);
			mainGroup = 99705A7B2909D1E30034808E;
			productRefGroup = 99705A852909D1E30034808E /* Products */;
			projectDirPath = "";
			projectRoot = "";
			targets = (
				99705A832909D1E30034808E /* Ex1 */,
				99705A992909D1E50034808E /* Ex1Tests */,
				99705AA32909D1E50034808E /* Ex1UITests */,
			);
		};
/* End PBXProject section */

/* Begin PBXResourcesBuildPhase section */
		99705A822909D1E30034808E /* Resources */ = {
			isa = PBXResourcesBuildPhase;
			buildActionMask = 2147483647;
			files = (
				99705A942909D1E50034808E /* LaunchScreen.storyboard in Resources */,
				99705A912909D1E50034808E /* Assets.xcassets in Resources */,
				99705A8F2909D1E30034808E /* Main.storyboard in Resources */,
			);
			runOnlyForDeploymentPostprocessing = 0;
		};
		99705A982909D1E50034808E /* Resources */ = {
			isa = PBXResourcesBuildPhase;
			buildActionMask = 2147483647;
			files = (
			);
			runOnlyForDeploymentPostprocessing = 0;
		};
		99705AA22909D1E50034808E /* Resources */ = {
			isa = PBXResourcesBuildPhase;
			buildActionMask = 2147483647;
			files = (
			);
			runOnlyForDeploymentPostprocessing = 0;
		};
/* End PBXResourcesBuildPhase section */

/* Begin PBXSourcesBuildPhase section */
		99705A802909D1E30034808E /* Sources */ = {
			isa = PBXSourcesBuildPhase;
			buildActionMask = 2147483647;
			files = (
				99705A8C2909D1E30034808E /* ViewController.swift in Sources */,
				99705A882909D1E30034808E /* AppDelegate.swift in Sources */,
				99705A8A2909D1E30034808E /* SceneDelegate.swift in Sources */,
			);
			runOnlyForDeploymentPostprocessing = 0;
		};
		99705A962909D1E50034808E /* Sources */ = {
			isa = PBXSourcesBuildPhase;
			buildActionMask = 2147483647;
			files = (
				99705A9F2909D1E50034808E /* Ex1Tests.swift in Sources */,
			);
			runOnlyForDeploymentPostprocessing = 0;
		};
		99705AA02909D1E50034808E /* Sources */ = {
			isa = PBXSourcesBuildPhase;
			buildActionMask = 2147483647;
			files = (
				99705AA92909D1E50034808E /* Ex1UITests.swift in Sources */,
				99705AAB2909D1E50034808E /* Ex1UITestsLaunchTests.swift in Sources */,
			);
			runOnlyForDeploymentPostprocessing = 0;
		};
/* End PBXSourcesBuildPhase section */

/* Begin PBXTargetDependency section */
		99705A9C2909D1E50034808E /* PBXTargetDependency */ = {
			isa = PBXTargetDependency;
			target = 99705A832909D1E30034808E /* Ex1 */;
			targetProxy = 99705A9B2909D1E50034808E /* PBXContainerItemProxy */;
		};
		99705AA62909D1E50034808E /* PBXTargetDependency */ = {
			isa = PBXTargetDependency;
			target = 99705A832909D1E30034808E /* Ex1 */;
			targetProxy = 99705AA52909D1E50034808E /* PBXContainerItemProxy */;
		};
/* End PBXTargetDependency section */

/* Begin PBXVariantGroup section */
		99705A8D2909D1E30034808E /* Main.storyboard */ = {
			isa = PBXVariantGroup;
			children = (
				99705A8E2909D1E30034808E /* Base */,
			);
			name = Main.storyboard;
			sourceTree = "<group>";
		};
		99705A922909D1E50034808E /* LaunchScreen.storyboard */ = {
			isa = PBXVariantGroup;
			children = (
				99705A932909D1E50034808E /* Base */,
			);
			name = LaunchScreen.storyboard;
			sourceTree = "<group>";
		};
/* End PBXVariantGroup section */

/* Begin XCBuildConfiguration section */
		99705AAC2909D1E50034808E /* Debug */ = {
			isa = XCBuildConfiguration;
			buildSettings = {
				ALWAYS_SEARCH_USER_PATHS = NO;
				CLANG_ANALYZER_NONNULL = YES;
				CLANG_ANALYZER_NUMBER_OBJECT_CONVERSION = YES_AGGRESSIVE;
				CLANG_CXX_LANGUAGE_STANDARD = "gnu++20";
				CLANG_ENABLE_MODULES = YES;
				CLANG_ENABLE_OBJC_ARC = YES;
				CLANG_ENABLE_OBJC_WEAK = YES;
				CLANG_WARN_BLOCK_CAPTURE_AUTORELEASING = YES;
				CLANG_WARN_BOOL_CONVERSION = YES;
				CLANG_WARN_COMMA = YES;
				CLANG_WARN_CONSTANT_CONVERSION = YES;
				CLANG_WARN_DEPRECATED_OBJC_IMPLEMENTATIONS = YES;
				CLANG_WARN_DIRECT_OBJC_ISA_USAGE = YES_ERROR;
				CLANG_WARN_DOCUMENTATION_COMMENTS = YES;
				CLANG_WARN_EMPTY_BODY = YES;
				CLANG_WARN_ENUM_CONVERSION = YES;
				CLANG_WARN_INFINITE_RECURSION = YES;
				CLANG_WARN_INT_CONVERSION = YES;
				CLANG_WARN_NON_LITERAL_NULL_CONVERSION = YES;
				CLANG_WARN_OBJC_IMPLICIT_RETAIN_SELF = YES;
				CLANG_WARN_OBJC_LITERAL_CONVERSION = YES;
				CLANG_WARN_OBJC_ROOT_CLASS = YES_ERROR;
				CLANG_WARN_QUOTED_INCLUDE_IN_FRAMEWORK_HEADER = YES;
				CLANG_WARN_RANGE_LOOP_ANALYSIS = YES;
				CLANG_WARN_STRICT_PROTOTYPES = YES;
				CLANG_WARN_SUSPICIOUS_MOVE = YES;
				CLANG_WARN_UNGUARDED_AVAILABILITY = YES_AGGRESSIVE;
				CLANG_WARN_UNREACHABLE_CODE = YES;
				CLANG_WARN__DUPLICATE_METHOD_MATCH = YES;
				COPY_PHASE_STRIP = NO;
				DEBUG_INFORMATION_FORMAT = dwarf;
				ENABLE_STRICT_OBJC_MSGSEND = YES;
				ENABLE_TESTABILITY = YES;
				GCC_C_LANGUAGE_STANDARD = gnu11;
				GCC_DYNAMIC_NO_PIC = NO;
				GCC_NO_COMMON_BLOCKS = YES;
				GCC_OPTIMIZATION_LEVEL = 0;
				GCC_PREPROCESSOR_DEFINITIONS = (
					"DEBUG=1",
					"$(inherited)",
				);
				GCC_WARN_64_TO_32_BIT_CONVERSION = YES;
				GCC_WARN_ABOUT_RETURN_TYPE = YES_ERROR;
				GCC_WARN_UNDECLARED_SELECTOR = YES;
				GCC_WARN_UNINITIALIZED_AUTOS = YES_AGGRESSIVE;
				GCC_WARN_UNUSED_FUNCTION = YES;
				GCC_WARN_UNUSED_VARIABLE = YES;
				IPHONEOS_DEPLOYMENT_TARGET = 16.0;
				MTL_ENABLE_DEBUG_INFO = INCLUDE_SOURCE;
				MTL_FAST_MATH = YES;
				ONLY_ACTIVE_ARCH = YES;
				SDKROOT = iphoneos;
				SWIFT_ACTIVE_COMPILATION_CONDITIONS = DEBUG;
				SWIFT_OPTIMIZATION_LEVEL = "-Onone";
			};
			name = Debug;
		};
		99705AAD2909D1E50034808E /* Release */ = {
			isa = XCBuildConfiguration;
			buildSettings = {
				ALWAYS_SEARCH_USER_PATHS = NO;
				CLANG_ANALYZER_NONNULL = YES;
				CLANG_ANALYZER_NUMBER_OBJECT_CONVERSION = YES_AGGRESSIVE;
				CLANG_CXX_LANGUAGE_STANDARD = "gnu++20";
				CLANG_ENABLE_MODULES = YES;
				CLANG_ENABLE_OBJC_ARC = YES;
				CLANG_ENABLE_OBJC_WEAK = YES;
				CLANG_WARN_BLOCK_CAPTURE_AUTORELEASING = YES;
				CLANG_WARN_BOOL_CONVERSION = YES;
				CLANG_WARN_COMMA = YES;
				CLANG_WARN_CONSTANT_CONVERSION = YES;
				CLANG_WARN_DEPRECATED_OBJC_IMPLEMENTATIONS = YES;
				CLANG_WARN_DIRECT_OBJC_ISA_USAGE = YES_ERROR;
				CLANG_WARN_DOCUMENTATION_COMMENTS = YES;
				CLANG_WARN_EMPTY_BODY = YES;
				CLANG_WARN_ENUM_CONVERSION = YES;
				CLANG_WARN_INFINITE_RECURSION = YES;
				CLANG_WARN_INT_CONVERSION = YES;
				CLANG_WARN_NON_LITERAL_NULL_CONVERSION = YES;
				CLANG_WARN_OBJC_IMPLICIT_RETAIN_SELF = YES;
				CLANG_WARN_OBJC_LITERAL_CONVERSION = YES;
				CLANG_WARN_OBJC_ROOT_CLASS = YES_ERROR;
				CLANG_WARN_QUOTED_INCLUDE_IN_FRAMEWORK_HEADER = YES;
				CLANG_WARN_RANGE_LOOP_ANALYSIS = YES;
				CLANG_WARN_STRICT_PROTOTYPES = YES;
				CLANG_WARN_SUSPICIOUS_MOVE = YES;
				CLANG_WARN_UNGUARDED_AVAILABILITY = YES_AGGRESSIVE;
				CLANG_WARN_UNREACHABLE_CODE = YES;
				CLANG_WARN__DUPLICATE_METHOD_MATCH = YES;
				COPY_PHASE_STRIP = NO;
				DEBUG_INFORMATION_FORMAT = "dwarf-with-dsym";
				ENABLE_NS_ASSERTIONS = NO;
				ENABLE_STRICT_OBJC_MSGSEND = YES;
				GCC_C_LANGUAGE_STANDARD = gnu11;
				GCC_NO_COMMON_BLOCKS = YES;
				GCC_WARN_64_TO_32_BIT_CONVERSION = YES;
				GCC_WARN_ABOUT_RETURN_TYPE = YES_ERROR;
				GCC_WARN_UNDECLARED_SELECTOR = YES;
				GCC_WARN_UNINITIALIZED_AUTOS = YES_AGGRESSIVE;
				GCC_WARN_UNUSED_FUNCTION = YES;
				GCC_WARN_UNUSED_VARIABLE = YES;
				IPHONEOS_DEPLOYMENT_TARGET = 16.0;
				MTL_ENABLE_DEBUG_INFO = NO;
				MTL_FAST_MATH = YES;
				SDKROOT = iphoneos;
				SWIFT_COMPILATION_MODE = wholemodule;
				SWIFT_OPTIMIZATION_LEVEL = "-O";
				VALIDATE_PRODUCT = YES;
			};
			name = Release;
		};
		99705AAF2909D1E50034808E /* Debug */ = {
			isa = XCBuildConfiguration;
			buildSettings = {
				ASSETCATALOG_COMPILER_APPICON_NAME = AppIcon;
				ASSETCATALOG_COMPILER_GLOBAL_ACCENT_COLOR_NAME = AccentColor;
				CODE_SIGN_STYLE = Automatic;
				CURRENT_PROJECT_VERSION = 1;
				GENERATE_INFOPLIST_FILE = YES;
				INFOPLIST_FILE = Ex1/Info.plist;
				INFOPLIST_KEY_UIApplicationSupportsIndirectInputEvents = YES;
				INFOPLIST_KEY_UILaunchStoryboardName = LaunchScreen;
				INFOPLIST_KEY_UIMainStoryboardFile = Main;
				INFOPLIST_KEY_UISupportedInterfaceOrientations_iPad = "UIInterfaceOrientationPortrait UIInterfaceOrientationPortraitUpsideDown UIInterfaceOrientationLandscapeLeft UIInterfaceOrientationLandscapeRight";
				INFOPLIST_KEY_UISupportedInterfaceOrientations_iPhone = "UIInterfaceOrientationPortrait UIInterfaceOrientationLandscapeLeft UIInterfaceOrientationLandscapeRight";
				LD_RUNPATH_SEARCH_PATHS = (
					"$(inherited)",
					"@executable_path/Frameworks",
				);
				MARKETING_VERSION = 1.0;
				PRODUCT_BUNDLE_IDENTIFIER = Alice.Ex1;
				PRODUCT_NAME = "$(TARGET_NAME)";
				SWIFT_EMIT_LOC_STRINGS = YES;
				SWIFT_VERSION = 5.0;
				TARGETED_DEVICE_FAMILY = "1,2";
			};
			name = Debug;
		};
		99705AB02909D1E50034808E /* Release */ = {
			isa = XCBuildConfiguration;
			buildSettings = {
				ASSETCATALOG_COMPILER_APPICON_NAME = AppIcon;
				ASSETCATALOG_COMPILER_GLOBAL_ACCENT_COLOR_NAME = AccentColor;
				CODE_SIGN_STYLE = Automatic;
				CURRENT_PROJECT_VERSION = 1;
				GENERATE_INFOPLIST_FILE = YES;
				INFOPLIST_FILE = Ex1/Info.plist;
				INFOPLIST_KEY_UIApplicationSupportsIndirectInputEvents = YES;
				INFOPLIST_KEY_UILaunchStoryboardName = LaunchScreen;
				INFOPLIST_KEY_UIMainStoryboardFile = Main;
				INFOPLIST_KEY_UISupportedInterfaceOrientations_iPad = "UIInterfaceOrientationPortrait UIInterfaceOrientationPortraitUpsideDown UIInterfaceOrientationLandscapeLeft UIInterfaceOrientationLandscapeRight";
				INFOPLIST_KEY_UISupportedInterfaceOrientations_iPhone = "UIInterfaceOrientationPortrait UIInterfaceOrientationLandscapeLeft UIInterfaceOrientationLandscapeRight";
				LD_RUNPATH_SEARCH_PATHS = (
					"$(inherited)",
					"@executable_path/Frameworks",
				);
				MARKETING_VERSION = 1.0;
				PRODUCT_BUNDLE_IDENTIFIER = Alice.Ex1;
				PRODUCT_NAME = "$(TARGET_NAME)";
				SWIFT_EMIT_LOC_STRINGS = YES;
				SWIFT_VERSION = 5.0;
				TARGETED_DEVICE_FAMILY = "1,2";
			};
			name = Release;
		};
		99705AB22909D1E50034808E /* Debug */ = {
			isa = XCBuildConfiguration;
			buildSettings = {
				ALWAYS_EMBED_SWIFT_STANDARD_LIBRARIES = YES;
				BUNDLE_LOADER = "$(TEST_HOST)";
				CODE_SIGN_STYLE = Automatic;
				CURRENT_PROJECT_VERSION = 1;
				GENERATE_INFOPLIST_FILE = YES;
				IPHONEOS_DEPLOYMENT_TARGET = 16.0;
				MARKETING_VERSION = 1.0;
				PRODUCT_BUNDLE_IDENTIFIER = Alice.Ex1Tests;
				PRODUCT_NAME = "$(TARGET_NAME)";
				SWIFT_EMIT_LOC_STRINGS = NO;
				SWIFT_VERSION = 5.0;
				TARGETED_DEVICE_FAMILY = "1,2";
				TEST_HOST = "$(BUILT_PRODUCTS_DIR)/Ex1.app/$(BUNDLE_EXECUTABLE_FOLDER_PATH)/Ex1";
			};
			name = Debug;
		};
		99705AB32909D1E50034808E /* Release */ = {
			isa = XCBuildConfiguration;
			buildSettings = {
				ALWAYS_EMBED_SWIFT_STANDARD_LIBRARIES = YES;
				BUNDLE_LOADER = "$(TEST_HOST)";
				CODE_SIGN_STYLE = Automatic;
				CURRENT_PROJECT_VERSION = 1;
				GENERATE_INFOPLIST_FILE = YES;
				IPHONEOS_DEPLOYMENT_TARGET = 16.0;
				MARKETING_VERSION = 1.0;
				PRODUCT_BUNDLE_IDENTIFIER = Alice.Ex1Tests;
				PRODUCT_NAME = "$(TARGET_NAME)";
				SWIFT_EMIT_LOC_STRINGS = NO;
				SWIFT_VERSION = 5.0;
				TARGETED_DEVICE_FAMILY = "1,2";
				TEST_HOST = "$(BUILT_PRODUCTS_DIR)/Ex1.app/$(BUNDLE_EXECUTABLE_FOLDER_PATH)/Ex1";
			};
			name = Release;
		};
		99705AB52909D1E50034808E /* Debug */ = {
			isa = XCBuildConfiguration;
			buildSettings = {
				ALWAYS_EMBED_SWIFT_STANDARD_LIBRARIES = YES;
				CODE_SIGN_STYLE = Automatic;
				CURRENT_PROJECT_VERSION = 1;
				GENERATE_INFOPLIST_FILE = YES;
				MARKETING_VERSION = 1.0;
				PRODUCT_BUNDLE_IDENTIFIER = Alice.Ex1UITests;
				PRODUCT_NAME = "$(TARGET_NAME)";
				SWIFT_EMIT_LOC_STRINGS = NO;
				SWIFT_VERSION = 5.0;
				TARGETED_DEVICE_FAMILY = "1,2";
				TEST_TARGET_NAME = Ex1;
			};
			name = Debug;
		};
		99705AB62909D1E50034808E /* Release */ = {
			isa = XCBuildConfiguration;
			buildSettings = {
				ALWAYS_EMBED_SWIFT_STANDARD_LIBRARIES = YES;
				CODE_SIGN_STYLE = Automatic;
				CURRENT_PROJECT_VERSION = 1;
				GENERATE_INFOPLIST_FILE = YES;
				MARKETING_VERSION = 1.0;
				PRODUCT_BUNDLE_IDENTIFIER = Alice.Ex1UITests;
				PRODUCT_NAME = "$(TARGET_NAME)";
				SWIFT_EMIT_LOC_STRINGS = NO;
				SWIFT_VERSION = 5.0;
				TARGETED_DEVICE_FAMILY = "1,2";
				TEST_TARGET_NAME = Ex1;
			};
			name = Release;
		};
/* End XCBuildConfiguration section */

/* Begin XCConfigurationList section */
		99705A7F2909D1E30034808E /* Build configuration list for PBXProject "Ex1" */ = {
			isa = XCConfigurationList;
			buildConfigurations = (
				99705AAC2909D1E50034808E /* Debug */,
				99705AAD2909D1E50034808E /* Release */,
			);
			defaultConfigurationIsVisible = 0;
			defaultConfigurationName = Release;
		};
		99705AAE2909D1E50034808E /* Build configuration list for PBXNativeTarget "Ex1" */ = {
			isa = XCConfigurationList;
			buildConfigurations = (
				99705AAF2909D1E50034808E /* Debug */,
				99705AB02909D1E50034808E /* Release */,
			);
			defaultConfigurationIsVisible = 0;
			defaultConfigurationName = Release;
		};
		99705AB12909D1E50034808E /* Build configuration list for PBXNativeTarget "Ex1Tests" */ = {
			isa = XCConfigurationList;
			buildConfigurations = (
				99705AB22909D1E50034808E /* Debug */,
				99705AB32909D1E50034808E /* Release */,
			);
			defaultConfigurationIsVisible = 0;
			defaultConfigurationName = Release;
		};
		99705AB42909D1E50034808E /* Build configuration list for PBXNativeTarget "Ex1UITests" */ = {
			isa = XCConfigurationList;
			buildConfigurations = (
				99705AB52909D1E50034808E /* Debug */,
				99705AB62909D1E50034808E /* Release */,
			);
			defaultConfigurationIsVisible = 0;
			defaultConfigurationName = Release;
		};
/* End XCConfigurationList section */
	};
	rootObject = 99705A7C2909D1E30034808E /* Project object */;
}
